{
  "version": 4,
  "terraform_version": "1.0.2",
  "serial": 21,
  "lineage": "7252cf2c-ef22-045c-9fe4-93cb12803232",
  "outputs": {},
  "resources": [
    {
      "mode": "managed",
      "type": "helm_release",
      "name": "metrics_server",
      "provider": "provider[\"registry.terraform.io/hashicorp/helm\"]",
      "instances": [
        {
          "schema_version": 0,
          "attributes": {
            "atomic": false,
            "chart": "metrics-server",
            "cleanup_on_fail": false,
            "create_namespace": false,
            "dependency_update": false,
            "description": null,
            "devel": null,
            "disable_crd_hooks": false,
            "disable_openapi_validation": false,
            "disable_webhooks": false,
            "force_update": false,
            "id": "metrics-server",
            "keyring": null,
            "lint": false,
            "manifest": null,
            "max_history": 0,
            "metadata": [
              {
                "app_version": "0.5.0",
                "chart": "metrics-server",
                "name": "metrics-server",
                "namespace": "default",
                "revision": 1,
                "values": "null",
                "version": "5.9.0"
              }
            ],
            "name": "metrics-server",
            "namespace": "default",
            "postrender": [],
            "recreate_pods": false,
            "render_subchart_notes": true,
            "replace": false,
            "repository": "https://charts.bitnami.com/bitnami",
            "repository_ca_file": null,
            "repository_cert_file": null,
            "repository_key_file": null,
            "repository_password": null,
            "repository_username": null,
            "reset_values": false,
            "reuse_values": false,
            "set": [],
            "set_sensitive": [],
            "skip_crds": false,
            "status": "deployed",
            "timeout": 300,
            "values": null,
            "verify": false,
            "version": "5.9.0",
            "wait": true,
            "wait_for_jobs": false
          },
          "sensitive_attributes": [],
          "private": "bnVsbA=="
        }
      ]
    },
    {
      "mode": "managed",
      "type": "helm_release",
      "name": "webserver",
      "provider": "provider[\"registry.terraform.io/hashicorp/helm\"]",
      "instances": [
        {
          "schema_version": 0,
          "attributes": {
            "atomic": false,
            "chart": "../webserver",
            "cleanup_on_fail": false,
            "create_namespace": false,
            "dependency_update": false,
            "description": null,
            "devel": null,
            "disable_crd_hooks": false,
            "disable_openapi_validation": false,
            "disable_webhooks": false,
            "force_update": false,
            "id": "basic-webserver",
            "keyring": null,
            "lint": false,
            "manifest": null,
            "max_history": 0,
            "metadata": [
              {
                "app_version": "1.16.0",
                "chart": "webserver",
                "name": "basic-webserver",
                "namespace": "webserver",
                "revision": 1,
                "values": "{\"affinity\":{},\"autoscaling\":{\"enabled\":true,\"maxReplicas\":10,\"minReplicas\":2,\"targetCPUUtilizationPercentage\":80},\"image\":{\"name\":\"httpd\",\"pullPolicy\":\"Always\",\"tag\":\"\"},\"nodeSelector\":{},\"replicaCount\":1,\"resources\":{},\"service\":{\"port\":443},\"tolerations\":[]}",
                "version": "0.1.0"
              }
            ],
            "name": "basic-webserver",
            "namespace": "webserver",
            "postrender": [],
            "recreate_pods": false,
            "render_subchart_notes": true,
            "replace": false,
            "repository": null,
            "repository_ca_file": null,
            "repository_cert_file": null,
            "repository_key_file": null,
            "repository_password": null,
            "repository_username": null,
            "reset_values": false,
            "reuse_values": false,
            "set": [],
            "set_sensitive": [],
            "skip_crds": false,
            "status": "deployed",
            "timeout": 300,
            "values": [
              "replicaCount: 1\n\nimage:\n  pullPolicy: Always\n  name: httpd\n  # Overrides the image tag, by default, latest.\n  tag: \"\"\n\nservice:\n  port: 443\n\nresources: {}\n  # We usually recommend not to specify default resources and to leave this as a conscious\n  # choice for the user. This also increases chances charts run on environments with little\n  # resources, such as Minikube. If you do want to specify resources, uncomment the following\n  # lines, adjust them as necessary, and remove the curly braces after 'resources:'.\n  # limits:\n  #   cpu: 100m\n  #   memory: 128Mi\n  # requests:\n  #   cpu: 100m\n  #   memory: 128Mi\n\nautoscaling:\n  enabled: true\n  minReplicas: 2\n  maxReplicas: 10\n  targetCPUUtilizationPercentage: 80\n\nnodeSelector: {}\n\ntolerations: []\n\naffinity: {}\n"
            ],
            "verify": false,
            "version": "0.1.0",
            "wait": true,
            "wait_for_jobs": false
          },
          "sensitive_attributes": [],
          "private": "bnVsbA==",
          "dependencies": [
            "kubernetes_manifest.namespace"
          ]
        }
      ]
    },
    {
      "mode": "managed",
      "type": "kubernetes_manifest",
      "name": "namespace",
      "provider": "provider[\"registry.terraform.io/hashicorp/kubernetes-alpha\"]",
      "instances": [
        {
          "schema_version": 1,
          "attributes": {
            "manifest": {
              "value": {
                "apiVersion": "v1",
                "kind": "Namespace",
                "metadata": {
                  "name": "webserver"
                }
              },
              "type": [
                "object",
                {
                  "apiVersion": "string",
                  "kind": "string",
                  "metadata": [
                    "object",
                    {
                      "name": "string"
                    }
                  ]
                }
              ]
            },
            "object": {
              "value": {
                "apiVersion": "v1",
                "kind": "Namespace",
                "metadata": {
                  "annotations": null,
                  "clusterName": null,
                  "creationTimestamp": null,
                  "deletionGracePeriodSeconds": null,
                  "deletionTimestamp": null,
                  "finalizers": null,
                  "generateName": null,
                  "generation": null,
                  "labels": null,
                  "managedFields": null,
                  "name": "webserver",
                  "namespace": null,
                  "ownerReferences": null,
                  "resourceVersion": null,
                  "selfLink": null,
                  "uid": null
                },
                "spec": {
                  "finalizers": [
                    "kubernetes"
                  ]
                }
              },
              "type": [
                "object",
                {
                  "apiVersion": "string",
                  "kind": "string",
                  "metadata": [
                    "object",
                    {
                      "annotations": [
                        "map",
                        "string"
                      ],
                      "clusterName": "string",
                      "creationTimestamp": "string",
                      "deletionGracePeriodSeconds": "number",
                      "deletionTimestamp": "string",
                      "finalizers": [
                        "list",
                        "string"
                      ],
                      "generateName": "string",
                      "generation": "number",
                      "labels": [
                        "map",
                        "string"
                      ],
                      "managedFields": [
                        "list",
                        [
                          "object",
                          {
                            "apiVersion": "string",
                            "fieldsType": "string",
                            "fieldsV1": "dynamic",
                            "manager": "string",
                            "operation": "string",
                            "time": "string"
                          }
                        ]
                      ],
                      "name": "string",
                      "namespace": "string",
                      "ownerReferences": [
                        "list",
                        [
                          "object",
                          {
                            "apiVersion": "string",
                            "blockOwnerDeletion": "bool",
                            "controller": "bool",
                            "kind": "string",
                            "name": "string",
                            "uid": "string"
                          }
                        ]
                      ],
                      "resourceVersion": "string",
                      "selfLink": "string",
                      "uid": "string"
                    }
                  ],
                  "spec": [
                    "object",
                    {
                      "finalizers": [
                        "list",
                        "string"
                      ]
                    }
                  ]
                }
              ]
            },
            "wait_for": null
          },
          "sensitive_attributes": []
        }
      ]
    }
  ]
}
